
Microsoft Visual Studio Solution File, Format Version 12.00
# Visual Studio Version 17
VisualStudioVersion = 17.8.34330.188
MinimumVisualStudioVersion = 10.0.40219.1
Project("{9A19103F-16F7-4668-BE54-9A1E7A4F7556}") = "DesafioFundamentos", "DesafioFundamentos.csproj", "{9C5CBB1F-E1B3-466E-A1B7-306DB88E9F75}"
EndProject
Global
	GlobalSection(SolutionConfigurationPlatforms) = preSolution
		Debug|Any CPU = Debug|Any CPU
		Release|Any CPU = Release|Any CPU
	EndGlobalSection
	GlobalSection(ProjectConfigurationPlatforms) = postSolution
		{9C5CBB1F-E1B3-466E-A1B7-306DB88E9F75}.Debug|Any CPU.ActiveCfg = Debug|Any CPU
		{9C5CBB1F-E1B3-466E-A1B7-306DB88E9F75}.Debug|Any CPU.Build.0 = Debug|Any CPU
		{9C5CBB1F-E1B3-466E-A1B7-306DB88E9F75}.Release|Any CPU.ActiveCfg = Release|Any CPU
		{9C5CBB1F-E1B3-466E-A1B7-306DB88E9F75}.Release|Any CPU.Build.0 = Release|Any CPU
	EndGlobalSection
	GlobalSection(SolutionProperties) = preSolution
		HideSolutionNode = FALSE
	EndGlobalSection
	GlobalSection(ExtensibilityGlobals) = postSolution
		SolutionGuid = {4023316D-2AB9-4624-9B80-A6F97678676B}
	EndGlobalSection
EndGlobal
